{
  "version": 1,
  "dependencies": {
    "net6.0": {
      "Pastel": {
        "type": "Direct",
        "requested": "[4.0.2, )",
        "resolved": "4.0.2",
        "contentHash": "tNbthiPTiDA4wdz8UeYXaJVSV8P6attDFaFUd854f/0JT9N1U1CGO7AOd7fcb4IQexY69X2SuQjvGe+jmmbwcw=="
      },
      "RestSharp": {
        "type": "Direct",
        "requested": "[108.0.3, )",
        "resolved": "108.0.3",
        "contentHash": "phq1AkVhqVXHZxvWDV4fJEJKCR5OHNFUGx2Ix8o5EFShS6654oZhth4X2RWvaU/W7UexIswW0T+lTirxfLU2Ow=="
      },
      "RestSharp.Serializers.NewtonsoftJson": {
        "type": "Direct",
        "requested": "[108.0.3, )",
        "resolved": "108.0.3",
        "contentHash": "OtL5CaGNA6sgBI4cTQMTLCcEtOqYJ0AuQG1ym1/oX5rRn4gJY3hdF89QLMjieCfEsxCrgqf29jJ3ydYuK8xTTA==",
        "dependencies": {
          "Newtonsoft.Json": "13.0.1",
          "RestSharp": "108.0.3"
        }
      },
      "System.CommandLine": {
        "type": "Direct",
        "requested": "[2.0.0-beta1.21568.1, 2.0.0-beta1.21568.1]",
        "resolved": "2.0.0-beta1.21568.1",
        "contentHash": "UGFOApX96URBGQk+cqcq7z7dvBAg2YZkwTryGxpDpHaExrpXdBBz8BCYZKkJp7ol2qDJRNg1oFTW5YI9gmYBlw==",
        "dependencies": {
          "system.memory": "4.5.4"
        }
      },
      "Newtonsoft.Json": {
        "type": "Transitive",
        "resolved": "13.0.1",
        "contentHash": "ppPFpBcvxdsfUonNcvITKqLl3bqxWbDCZIzDWHzjpdAHRFfZe0Dw9HmA0+za13IdyrgJwpkDTDA9fHaxOrt20A=="
      },
      "System.Memory": {
        "type": "Transitive",
        "resolved": "4.5.4",
        "contentHash": "1MbJTHS1lZ4bS4FmsJjnuGJOu88ZzTT2rLvrhW7Ygic+pC0NWA+3hgAen0HRdsocuQXCkUTdFn9yHJJhsijDXw=="
      }
    }
  }
}