{
  "version": 1,
  "dependencies": {
    "net6.0": {
      "Pastel": {
        "type": "Direct",
        "requested": "[5.1.0, )",
        "resolved": "5.1.0",
        "contentHash": "jQ0fTkHZvgQsmbr5qU0IdCP1PWuUfmEmekIsTwysWK/iIwmT9Mbm0x5GpjYSTEwHTNVEpjYhBhyKVdzESgRCpg=="
      },
      "RestSharp": {
        "type": "Direct",
        "requested": "[110.2.0, )",
        "resolved": "110.2.0",
        "contentHash": "FXGw0IMcqY7yO/hzS9QrD3iNswNgb9UxJnxWmfOxmGs4kRlZWqdtBoGPLuhlbgsDzX1RFo4WKui8TGGKXWKalw==",
        "dependencies": {
          "System.Text.Json": "7.0.2"
        }
      },
      "RestSharp.Serializers.NewtonsoftJson": {
        "type": "Direct",
        "requested": "[110.2.0, )",
        "resolved": "110.2.0",
        "contentHash": "fcIBvya52kVo3gcRVULihj+N/S1UQTxmlRgZMfPX2h0r1U4EyTg0O+YDAiOFxkSDUyk8bgsHMEIRNBkLfv1ajw==",
        "dependencies": {
          "Newtonsoft.Json": "13.0.3",
          "RestSharp": "110.2.0"
        }
      },
      "System.CommandLine": {
        "type": "Direct",
        "requested": "[2.0.0-beta1.21568.1, 2.0.0-beta1.21568.1]",
        "resolved": "2.0.0-beta1.21568.1",
        "contentHash": "UGFOApX96URBGQk+cqcq7z7dvBAg2YZkwTryGxpDpHaExrpXdBBz8BCYZKkJp7ol2qDJRNg1oFTW5YI9gmYBlw==",
        "dependencies": {
          "system.memory": "4.5.4"
        }
      },
      "Newtonsoft.Json": {
        "type": "Transitive",
        "resolved": "13.0.3",
        "contentHash": "HrC5BXdl00IP9zeV+0Z848QWPAoCr9P3bDEZguI+gkLcBKAOxix/tLEAAHC+UvDNPv4a2d18lOReHMOagPa+zQ=="
      },
      "System.Memory": {
        "type": "Transitive",
        "resolved": "4.5.4",
        "contentHash": "1MbJTHS1lZ4bS4FmsJjnuGJOu88ZzTT2rLvrhW7Ygic+pC0NWA+3hgAen0HRdsocuQXCkUTdFn9yHJJhsijDXw=="
      },
      "System.Runtime.CompilerServices.Unsafe": {
        "type": "Transitive",
        "resolved": "6.0.0",
        "contentHash": "/iUeP3tq1S0XdNNoMz5C9twLSrM/TH+qElHkXWaPvuNOt+99G75NrV0OS2EqHx5wMN7popYjpc8oTjC1y16DLg=="
      },
      "System.Text.Encodings.Web": {
        "type": "Transitive",
        "resolved": "7.0.0",
        "contentHash": "OP6umVGxc0Z0MvZQBVigj4/U31Pw72ITihDWP9WiWDm+q5aoe0GaJivsfYGq53o6dxH7DcXWiCTl7+0o2CGdmg==",
        "dependencies": {
          "System.Runtime.CompilerServices.Unsafe": "6.0.0"
        }
      },
      "System.Text.Json": {
        "type": "Transitive",
        "resolved": "7.0.2",
        "contentHash": "/LZf/JrGyilojqwpaywb+sSz8Tew7ij4K/Sk+UW8AKfAK7KRhR6mKpKtTm06cYA7bCpGTWfYksIW+mVsdxPegQ==",
        "dependencies": {
          "System.Runtime.CompilerServices.Unsafe": "6.0.0",
          "System.Text.Encodings.Web": "7.0.0"
        }
      }
    }
  }
}